
Microsoft Visual Studio Solution File, Format Version 12.00
# Visual Studio Version 17
VisualStudioVersion = 17.5.002.0
MinimumVisualStudioVersion = 10.0.40219.1
Project("{9A19103F-16F7-4668-BE54-9A1E7A4F7556}") = "Bachelor.MQTT.Producer", "Bachelor.MQTT.Producer\Bachelor.MQTT.Producer.csproj", "{E4709DA6-D683-4972-BCB7-40F80F1F3AC6}"
EndProject
Project("{FAE04EC0-301F-11D3-BF4B-00C04F79EFBC}") = "Bachelor.MQTT.Subscriber", "Bachelor.MQTT.Subscriber\Bachelor.MQTT.Subscriber.csproj", "{C8DD9C52-99FD-4734-933A-38B5C535ED95}"
EndProject
Project("{FAE04EC0-301F-11D3-BF4B-00C04F79EFBC}") = "Bachelor.MQTT.Shared", "Bachelor.MQTT.Shared\Bachelor.MQTT.Shared.csproj", "{AAD5F006-3930-49CB-B27F-6BFF23B21FA4}"
EndProject
Global
	GlobalSection(SolutionConfigurationPlatforms) = preSolution
		Debug|Any CPU = Debug|Any CPU
		Release|Any CPU = Release|Any CPU
	EndGlobalSection
	GlobalSection(ProjectConfigurationPlatforms) = postSolution
		{E4709DA6-D683-4972-BCB7-40F80F1F3AC6}.Debug|Any CPU.ActiveCfg = Debug|Any CPU
		{E4709DA6-D683-4972-BCB7-40F80F1F3AC6}.Debug|Any CPU.Build.0 = Debug|Any CPU
		{E4709DA6-D683-4972-BCB7-40F80F1F3AC6}.Release|Any CPU.ActiveCfg = Release|Any CPU
		{E4709DA6-D683-4972-BCB7-40F80F1F3AC6}.Release|Any CPU.Build.0 = Release|Any CPU
		{C8DD9C52-99FD-4734-933A-38B5C535ED95}.Debug|Any CPU.ActiveCfg = Debug|Any CPU
		{C8DD9C52-99FD-4734-933A-38B5C535ED95}.Debug|Any CPU.Build.0 = Debug|Any CPU
		{C8DD9C52-99FD-4734-933A-38B5C535ED95}.Release|Any CPU.ActiveCfg = Release|Any CPU
		{C8DD9C52-99FD-4734-933A-38B5C535ED95}.Release|Any CPU.Build.0 = Release|Any CPU
		{AAD5F006-3930-49CB-B27F-6BFF23B21FA4}.Debug|Any CPU.ActiveCfg = Debug|Any CPU
		{AAD5F006-3930-49CB-B27F-6BFF23B21FA4}.Debug|Any CPU.Build.0 = Debug|Any CPU
		{AAD5F006-3930-49CB-B27F-6BFF23B21FA4}.Release|Any CPU.ActiveCfg = Release|Any CPU
		{AAD5F006-3930-49CB-B27F-6BFF23B21FA4}.Release|Any CPU.Build.0 = Release|Any CPU
	EndGlobalSection
	GlobalSection(SolutionProperties) = preSolution
		HideSolutionNode = FALSE
	EndGlobalSection
	GlobalSection(ExtensibilityGlobals) = postSolution
		SolutionGuid = {96CCB451-1F01-4FBB-AE64-67BF990A0F37}
	EndGlobalSection
EndGlobal
